
Microsoft Visual Studio Solution File, Format Version 12.00
# Visual Studio Version 17
VisualStudioVersion = 17.4.33213.308
MinimumVisualStudioVersion = 10.0.40219.1
Project("{FAE04EC0-301F-11D3-BF4B-00C04F79EFBC}") = "WebApi2", "WebApi2.csproj", "{7FC27170-D7AF-4DED-9C0F-F838D3A1D96A}"
EndProject
Global
	GlobalSection(SolutionConfigurationPlatforms) = preSolution
		Debug|Any CPU = Debug|Any CPU
		Release|Any CPU = Release|Any CPU
	EndGlobalSection
	GlobalSection(ProjectConfigurationPlatforms) = postSolution
		{7FC27170-D7AF-4DED-9C0F-F838D3A1D96A}.Debug|Any CPU.ActiveCfg = Debug|Any CPU
		{7FC27170-D7AF-4DED-9C0F-F838D3A1D96A}.Debug|Any CPU.Build.0 = Debug|Any CPU
		{7FC27170-D7AF-4DED-9C0F-F838D3A1D96A}.Release|Any CPU.ActiveCfg = Release|Any CPU
		{7FC27170-D7AF-4DED-9C0F-F838D3A1D96A}.Release|Any CPU.Build.0 = Release|Any CPU
	EndGlobalSection
	GlobalSection(SolutionProperties) = preSolution
		HideSolutionNode = FALSE
	EndGlobalSection
	GlobalSection(ExtensibilityGlobals) = postSolution
		SolutionGuid = {1A269AB8-26CD-4BAF-BE9A-43C3C50F4D2C}
	EndGlobalSection
EndGlobal
